
Microsoft Visual Studio Solution File, Format Version 12.00
# Visual Studio 14
VisualStudioVersion = 14.0.25420.1
MinimumVisualStudioVersion = 10.0.40219.1
Project("{FAE04EC0-301F-11D3-BF4B-00C04F79EFBC}") = "GoogleSearchFramework", "GoogleSearchFramewok\GoogleSearchFramework.csproj", "{67540257-C1C4-4CD3-ABC6-B958D9E5ECB9}"
EndProject
Project("{FAE04EC0-301F-11D3-BF4B-00C04F79EFBC}") = "GoogleTest", "GoogleTest\GoogleTest.csproj", "{78F4D4C0-D063-45B7-B2AB-48B1F27E578C}"
EndProject
Global
	GlobalSection(SolutionConfigurationPlatforms) = preSolution
		Debug|Any CPU = Debug|Any CPU
		Release|Any CPU = Release|Any CPU
	EndGlobalSection
	GlobalSection(ProjectConfigurationPlatforms) = postSolution
		{67540257-C1C4-4CD3-ABC6-B958D9E5ECB9}.Debug|Any CPU.ActiveCfg = Debug|Any CPU
		{67540257-C1C4-4CD3-ABC6-B958D9E5ECB9}.Debug|Any CPU.Build.0 = Debug|Any CPU
		{67540257-C1C4-4CD3-ABC6-B958D9E5ECB9}.Release|Any CPU.ActiveCfg = Release|Any CPU
		{67540257-C1C4-4CD3-ABC6-B958D9E5ECB9}.Release|Any CPU.Build.0 = Release|Any CPU
		{78F4D4C0-D063-45B7-B2AB-48B1F27E578C}.Debug|Any CPU.ActiveCfg = Debug|Any CPU
		{78F4D4C0-D063-45B7-B2AB-48B1F27E578C}.Debug|Any CPU.Build.0 = Debug|Any CPU
		{78F4D4C0-D063-45B7-B2AB-48B1F27E578C}.Release|Any CPU.ActiveCfg = Release|Any CPU
		{78F4D4C0-D063-45B7-B2AB-48B1F27E578C}.Release|Any CPU.Build.0 = Release|Any CPU
	EndGlobalSection
	GlobalSection(SolutionProperties) = preSolution
		HideSolutionNode = FALSE
	EndGlobalSection
EndGlobal
